<Solution>
  <Configurations>
    <Platform Name="x64" />
  </Configurations>
  <Project Path="../Game/Game/Game.vcxproj" Id="1bf5fdd9-4f93-48de-ba36-635afd305337">
    <BuildDependency Project="Engine/Engine.vcxproj" />
  </Project>
  <Project Path="Engine/Engine.vcxproj" Id="74735664-3a6a-4f8a-a2f4-40c1bf87a0dc" />
</Solution>
